20230602160693_BNB-USDT.json
20230602160693_BTC-USDT.json
20230602160693_BUSD-USDT.json
20230602160693_DAI-USDT.json
20230602160693_DOT-USDT.json
20230602160693_ETH-USDT.json
20230602160693_KLAY-USDT.json
20230602160693_MATIC-USDT.json
20230602160693_MNR-KRW.json
20230602160693_SOL-USDT.json
20230602160693_TRX-USDT.json
20230602160693_USDC-USDT.json
20230622164131_BNB-USDT.json
20230622164131_BTC-USDT.json
20230622164131_BUSD-USDT.json
20230622164131_DAI-USDT.json
20230622164131_DOT-USDT.json
20230622164131_ETH-USDT.json
20230622164131_KLAY-USDT.json
20230622164131_MATIC-USDT.json
20230622164131_MNR-KRW.json
20230622164131_SOL-USDT.json
20230622164131_TRX-USDT.json
20230622164131_USDC-USDT.json
20230814150807_BNB-USDT.json
20230814150807_BTC-USDT.json
20230814150807_BUSD-USDT.json
20230814150807_DAI-USDT.json
20230814150807_DOT-USDT.json
20230814150807_ETH-USDT.json
20230814150807_KLAY-USDT.json
20230814150807_MATIC-USDT.json
20230814150807_MNR-KRW.json
20230814150807_SOL-USDT.json
20230814150807_TRX-USDT.json
20230814150807_USDC-USDT.json
20230825150879_PAXG-USDT.json
20230907000991_ADA-USDT.json
20230907000991_ATOM-USDT.json
20230907000991_AVAX-USDT.json
20230907000991_DOGE-USDT.json
20230907000991_FTM-USDT.json
20230907000991_LTC-USDT.json
20230907000991_SHIB- USDT.json
20230907000991_UNI-USDT.json
20230907000991_XRP-USDT.json
20230925130994_ADA-USDT_register.json
20230925130994_ATOM-USDT_register.json
20230925130994_AVAX-USDT_register.json
20230925130994_DOGE-USDT_register.json
20230925130994_FTM-USDT_register.json
20230925130994_LTC-USDT_register.json
20230925130994_PAXG-USDT_register.json
20230925130994_SHIB-USDT_register.json
20230925130994_UNI-USDT_register.json
20230925130994_XRP-USDT_register.json
20231022211071_JOY-USDT.json
20231102141119_BORA-KRW.json
20231102141119_KSP-KRW.json
20231102141119_MBX-KRW.json
20231102141119_WEMIX-USDT.json
20231114131186_CHF-USD.json
20231114131186_EUR-USD.json
20231114131186_GBP-USD.json
20231114131186_JPY-USD.json
20231114131186_KRW-USD.json
20240409170444_PER-KLAY.json
