20240528090544_deploy.json
20240528091000_addOracle.json
20240604144100_addOracle.json
20240625161827_update.json
20240628104000_addOracle.json
20240628104500_removeOracle.json
20240710150208_update.json
20240718114200_update.json
20240722161800_update.json
20240725120000_deploy.json
20240725140000_updateFeed.json
20240805140000_deploy.json
20240913114310_update.json
