20240528090544_deploy.json
20240528091000_addOracle.json
20240604144100_addOracle.json
20240625161827_update.json
20240628104000_addOracle.json
20240628104500_removeOracle.json
20240710150208_update.json
20240718114200_update.json
20240722161800_update.json
20240725120000_deploy.json
20240725140000_updateFeed.json
20240805140000_deploy.json
20240913114310_update.json
20240913143854_update.json
20241011143205_update.json
20241105162712_update.json
20241112154038_update.json
20241122174522_update.json
20241206135537_update.json
20250120110432_update.json
20250311120936_update.json
20250312122943_update.json
20250313145859_update.json
20250314145629_update.json
20250317150015_update.json
20250409135906_update.json
20250527145551_update.json
20250529115117_update.json
20250626142319_update.json
20250630112828_update.json
20250630114449_update.json
20250722173916_update.json
20250901153022_update.json
