20240517130553_deploy.json
20240517145000_addOracle.json
20240604144800_addOracle.json
20240618144800_addOracle.json
20240625145824_update.json
20240708133504_update.json
20240708143044_update.json
20240711135257_update.json
20240718142100_update.json
20240725130000_deploy.json
20240805130000_deploy.json
20240913114310_update.json
20240913143854_update.json
20241011143158_update.json
20241105112903_update.json
20241112153831_update.json
20241122151914_update.json
20241122165820_update.json
20241206132454_update.json
20250120110420_update.json
20250311110638_update.json
20250312114254_update.json
20250313135641_update.json
20250314104822_update.json
20250314141302_update.json
20250314143401_update.json
