20230616160687_BNB-USDT.json
20230616160687_BTC-USDT.json
20230616160687_BUSD-USDT.json
20230616160687_DAI-USDT.json
20230616160687_DOT-USDT.json
20230616160687_ETH-USDT.json
20230616160687_KLAY-USDT.json
20230616160687_MATIC-USDT.json
20230616160687_MNR-KRW.json
20230616160687_SOL-USDT.json
20230616160687_TRX-USDT.json
20230616160687_USDC-USDT.json
