20230616160687_BNB-USDT.json
20230616160687_BTC-USDT.json
20230616160687_BUSD-USDT.json
20230616160687_DAI-USDT.json
20230616160687_DOT-USDT.json
20230616160687_ETH-USDT.json
20230616160687_KLAY-USDT.json
20230616160687_MATIC-USDT.json
20230616160687_MNR-KRW.json
20230616160687_SOL-USDT.json
20230616160687_TRX-USDT.json
20230616160687_USDC-USDT.json
20230620155058_BNB-USDT.json
20230620155058_BTC-USDT.json
20230620155058_BUSD-USDT.json
20230620155058_DAI-USDT.json
20230620155058_DOT-USDT.json
20230620155058_ETH-USDT.json
20230620155058_KLAY-USDT.json
20230620155058_MATIC-USDT.json
20230620155058_MNR-KRW.json
20230620155058_SOL-USDT.json
20230620155058_TRX-USDT.json
20230620155058_USDC-USDT.json
20230907000965_ADA-USDT.json
20230907000965_ATOM-USDT.json
20230907000965_AVAX-USDT.json
20230907000965_DOGE-USDT.json
20230907000965_FTM-USDT.json
20230907000965_LTC-USDT.json
20230907000965_PAX-USDT.json
20230907000965_SHIB- USDT.json
20230907000965_UNI-USDT.json
20230907000965_XRP-USDT.json
20230925130908_ADA-USDT_register.json
20230925130908_ATOM-USDT_register.json
20230925130908_AVAX-USDT_register.json
20230925130908_DOGE-USDT_register.json
20230925130908_FTM-USDT_register.json
20230925130908_LTC-USDT_register.json
20230925130908_PAXG-USDT_register.json
20230925130908_SHIB-USDT_register.json
20230925130908_UNI-USDT_register.json
20230925130908_XRP-USDT_register.json
20231022211021_JOY-USDT.json
20231102141113_BORA-KRW.json
20231102141113_KSP-KRW.json
20231102141113_MBX-KRW.json
20231102141113_WEMIX-USDT.json
20231114131165_CHF-USD.json
20231114131165_EUR-USD.json
20231114131165_GBP-USD.json
20231114131165_JPY-USD.json
20231114131165_KRW-USD.json
20231128200638_BORA-KRW_register.json
20231128200638_CHF-USD_register.json
20231128200638_EUR-USD_register.json
20231128200638_GBP-USD_register.json
20231128200638_JOY-USDT_register.json
20231128200638_JPY-USD_register.json
20231128200638_KRW-USD_register.json
20231128200638_KSP-KRW_register.json
20231128200638_MBX-KRW_register.json
20231128200638_WEMIX-USDT_register.json
20240411160440_PER-KLAY.json
20240412134247_PER_KLAY_register.json
