20230325094038_BNB-USDT.json
20230325094038_BTC-USDT.json
20230325094038_BUSD-USDT.json
20230325094038_DAI-USDT.json
20230325094038_DOT-USDT.json
20230325094038_ETH-USDT.json
20230325094038_KLAY-USDT.json
20230325094038_MATIC-USDT.json
20230325094038_SOL-USDT.json
20230325094038_TRX-USDT.json
20230325094038_USDC-USDT.json
20230421162903_TRX-USDT-proxyRedirect-deploy.json
20230427140556_TRX-USDT-proxyRedirect-confirm.json
20230502155306_BNB-USDT-proxyRedirect-deploy.json
20230502160718_BTC-USDT-proxyRedirect-deploy.json
20230502160726_BUSD-USDT-proxyRedirect-deploy.json
20230502160733_DAI-USDT-proxyRedirect-deploy.json
20230502160749_ETH-USDT-proxyRedirect-deploy.json
20230502160835_USDC-USDT-proxyRedirect-deploy.json
20230502160814_SOL-USDT-proxyRedirect-deploy.json
20230502160803_MATIC-USDT-proxyRedirect-deploy.json
20230502160755_KLAY-USDT-proxyRedirect-deploy.json
20230502160741_DOT-USDT-proxyRedirect-deploy.json
