20230325094038_BNB-USDT.json
20230325094038_BTC-USDT.json
20230325094038_BUSD-USDT.json
20230325094038_DAI-USDT.json
20230325094038_DOT-USDT.json
20230325094038_ETH-USDT.json
20230325094038_KLAY-USDT.json
20230325094038_MATIC-USDT.json
20230325094038_SOL-USDT.json
20230325094038_TRX-USDT.json
20230325094038_USDC-USDT.json
20230421162903_TRX-USDT-proxyRedirect-deploy.json
